
Microsoft Visual Studio Solution File, Format Version 12.00
# Visual Studio Version 16
VisualStudioVersion = 16.0.30907.101
MinimumVisualStudioVersion = 10.0.40219.1
Project("{FAE04EC0-301F-11D3-BF4B-00C04F79EFBC}") = "Tarea 5", "Tarea 5.csproj", "{F392BAAD-0E42-480D-8DB7-4CE70DC9EA01}"
EndProject
Global
	GlobalSection(SolutionConfigurationPlatforms) = preSolution
		Debug|Any CPU = Debug|Any CPU
		Release|Any CPU = Release|Any CPU
	EndGlobalSection
	GlobalSection(ProjectConfigurationPlatforms) = postSolution
		{F392BAAD-0E42-480D-8DB7-4CE70DC9EA01}.Debug|Any CPU.ActiveCfg = Debug|Any CPU
		{F392BAAD-0E42-480D-8DB7-4CE70DC9EA01}.Debug|Any CPU.Build.0 = Debug|Any CPU
		{F392BAAD-0E42-480D-8DB7-4CE70DC9EA01}.Release|Any CPU.ActiveCfg = Release|Any CPU
		{F392BAAD-0E42-480D-8DB7-4CE70DC9EA01}.Release|Any CPU.Build.0 = Release|Any CPU
	EndGlobalSection
	GlobalSection(SolutionProperties) = preSolution
		HideSolutionNode = FALSE
	EndGlobalSection
	GlobalSection(ExtensibilityGlobals) = postSolution
		SolutionGuid = {DDDEBED7-2250-49FF-8AC6-7EEDFFE6C269}
	EndGlobalSection
EndGlobal
